{
    "_readme": [
        "This file locks the dependencies of your project to a known state",
        "Read more about it at https://getcomposer.org/doc/01-basic-usage.md#installing-dependencies",
        "This file is @generated automatically"
    ],
    "content-hash": "661dabf343577a852538ee88bb1777f0",
    "packages": [
        {
            "name": "hootlex/laravel-friendships",
            "version": "v1.0.23",
            "source": {
                "type": "git",
                "url": "https://github.com/hootlex/laravel-friendships.git",
                "reference": "b9f9bf78bf3ee92ba35e10f755f84287ab9226d0"
            },
            "dist": {
                "type": "zip",
                "url": "https://api.github.com/repos/hootlex/laravel-friendships/zipball/b9f9bf78bf3ee92ba35e10f755f84287ab9226d0",
                "reference": "b9f9bf78bf3ee92ba35e10f755f84287ab9226d0",
                "shasum": ""
            },
            "require": {
                "php": ">=5.4.0"
            },
            "require-dev": {
                "codeclimate/php-test-reporter": "^0.3.2",
                "doctrine/dbal": "^2.5",
                "fzaninotto/faker": "~1.4",
                "laravel/laravel": "5.*",
                "mockery/mockery": "^0.9.5",
                "phpunit/phpunit": "5.*"
            },
            "type": "library",
            "autoload": {
                "psr-4": {
                    "Hootlex\\Friendships\\": "src/"
                }
            },
            "notification-url": "https://packagist.org/downloads/",
            "license": [
                "MIT"
            ],
            "authors": [
                {
                    "name": "Hootlex",
                    "email": "hootlex@icloud.com"
                }
            ],
            "description": "This package gives Eloquent models the ability to manage their friendships.",
            "keywords": [
                "eloquent",
                "friend-system",
                "friends",
                "friendships",
                "laravel"
            ],
            "time": "2017-07-17T12:25:59+00:00"
        }
    ],
    "packages-dev": [],
    "aliases": [],
    "minimum-stability": "stable",
    "stability-flags": [],
    "prefer-stable": false,
    "prefer-lowest": false,
    "platform": [],
    "platform-dev": []
}
